
Microsoft Visual Studio Solution File, Format Version 12.00
# Visual Studio Version 17
VisualStudioVersion = 17.0.32014.148
MinimumVisualStudioVersion = 10.0.40219.1
Project("{9A19103F-16F7-4668-BE54-9A1E7A4F7556}") = "Catalog.API", "Catalog.API\Catalog.API.csproj", "{30C46387-36C4-4429-B018-A45A025959A0}"
EndProject
Project("{FAE04EC0-301F-11D3-BF4B-00C04F79EFBC}") = "Basket.API", "Basket.API\Basket.API.csproj", "{F2AD19AA-A109-41B4-BA52-BBE74A870D1C}"
EndProject
Global
	GlobalSection(SolutionConfigurationPlatforms) = preSolution
		Debug|Any CPU = Debug|Any CPU
		Release|Any CPU = Release|Any CPU
	EndGlobalSection
	GlobalSection(ProjectConfigurationPlatforms) = postSolution
		{30C46387-36C4-4429-B018-A45A025959A0}.Debug|Any CPU.ActiveCfg = Debug|Any CPU
		{30C46387-36C4-4429-B018-A45A025959A0}.Debug|Any CPU.Build.0 = Debug|Any CPU
		{30C46387-36C4-4429-B018-A45A025959A0}.Release|Any CPU.ActiveCfg = Release|Any CPU
		{30C46387-36C4-4429-B018-A45A025959A0}.Release|Any CPU.Build.0 = Release|Any CPU
		{F2AD19AA-A109-41B4-BA52-BBE74A870D1C}.Debug|Any CPU.ActiveCfg = Debug|Any CPU
		{F2AD19AA-A109-41B4-BA52-BBE74A870D1C}.Debug|Any CPU.Build.0 = Debug|Any CPU
		{F2AD19AA-A109-41B4-BA52-BBE74A870D1C}.Release|Any CPU.ActiveCfg = Release|Any CPU
		{F2AD19AA-A109-41B4-BA52-BBE74A870D1C}.Release|Any CPU.Build.0 = Release|Any CPU
	EndGlobalSection
	GlobalSection(SolutionProperties) = preSolution
		HideSolutionNode = FALSE
	EndGlobalSection
	GlobalSection(ExtensibilityGlobals) = postSolution
		SolutionGuid = {FAC549DA-6DCC-406E-AD47-70DA52C73DDC}
	EndGlobalSection
EndGlobal
